
Microsoft Visual Studio Solution File, Format Version 12.00
# Visual Studio Version 17
VisualStudioVersion = 17.3.32825.248
MinimumVisualStudioVersion = 10.0.40219.1
Project("{8BC9CEB8-8B4A-11D0-8D11-00A0C91BC942}") = "Multicore-Programming", "Multicore-Programming\Multicore-Programming.vcxproj", "{8DF74D4A-88A0-415B-8F4E-9C9B2130890F}"
EndProject
Project("{8BC9CEB8-8B4A-11D0-8D11-00A0C91BC942}") = "00-Summary", "00-Summary\00-Summary.vcxproj", "{D0DB336E-0A66-427B-935E-23D7BF261ABE}"
EndProject
Project("{8BC9CEB8-8B4A-11D0-8D11-00A0C91BC942}") = "01-Mutex", "01-Mutex\01-Mutex.vcxproj", "{3314049E-CBDD-4FB0-8668-6CAA963B973C}"
EndProject
Project("{8BC9CEB8-8B4A-11D0-8D11-00A0C91BC942}") = "02-Trying to avoid the Data Race", "02-Trying to avoid the Data Race\02-Trying to avoid the Data Race.vcxproj", "{6D8FFAB1-CA13-47CD-8782-4F0406EDBBE5}"
EndProject
Project("{8BC9CEB8-8B4A-11D0-8D11-00A0C91BC942}") = "Subject 1", "Subject 1\Subject 1.vcxproj", "{66ED231D-FDD8-49CB-94F7-9AFDE0E623BF}"
EndProject
Project("{8BC9CEB8-8B4A-11D0-8D11-00A0C91BC942}") = "03-Memory Affinity", "03-Memory Affinity\03-Memory Affinity.vcxproj", "{6454543A-25D7-47C4-B1F7-D589D2F3577B}"
EndProject
Project("{8BC9CEB8-8B4A-11D0-8D11-00A0C91BC942}") = "04-Memory Inspect", "04-Memory Inspect\04-Memory Inspect.vcxproj", "{4827FFFD-25D8-48A6-AF56-39ED3809B668}"
EndProject
Project("{8BC9CEB8-8B4A-11D0-8D11-00A0C91BC942}") = "05-Atomic", "05-Atomic\05-Atomic.vcxproj", "{AA00EF5B-AAA4-4F5B-A1F5-E2A698BE3EB8}"
EndProject
Project("{8BC9CEB8-8B4A-11D0-8D11-00A0C91BC942}") = "06-Linked List and Set", "06-Linked List and Set\06-Linked List and Set.vcxproj", "{DE504512-EE6A-48F1-AF2F-407DD84D182C}"
EndProject
Project("{8BC9CEB8-8B4A-11D0-8D11-00A0C91BC942}") = "07-FineGrainedSet", "07-FineGrainedSet\07-FineGrainedSet.vcxproj", "{ECFF6C19-7745-4C3C-B84B-C37059D73B7F}"
EndProject
Project("{8BC9CEB8-8B4A-11D0-8D11-00A0C91BC942}") = "Subject 2", "Subject 2\Subject 2.vcxproj", "{662938AA-6580-47B0-9DB3-C157D89A5C39}"
EndProject
Project("{8BC9CEB8-8B4A-11D0-8D11-00A0C91BC942}") = "08-OptimisticSet", "08-OptimisticSet\08-OptimisticSet.vcxproj", "{692CF35A-0171-4E17-82E9-72604DB1E0B7}"
EndProject
Project("{8BC9CEB8-8B4A-11D0-8D11-00A0C91BC942}") = "Subject 3", "Subject 3\Subject 3.vcxproj", "{CEE560A7-F569-4F48-8C0F-6FF24D670602}"
EndProject
Project("{8BC9CEB8-8B4A-11D0-8D11-00A0C91BC942}") = "09-LAZY SET", "09-LAZY SET\09-LAZY SET.vcxproj", "{27C2682B-50DA-4820-A223-E29BA1E952F3}"
EndProject
Project("{8BC9CEB8-8B4A-11D0-8D11-00A0C91BC942}") = "Subject 6", "Subject 6\Subject 6.vcxproj", "{51686252-AA4A-48D8-9A7F-E57E43408F2F}"
EndProject
Project("{8BC9CEB8-8B4A-11D0-8D11-00A0C91BC942}") = "10-Lock Free Linked Set", "10-Lock Free Linked Set\10-Lock Free Linked Set.vcxproj", "{3960447F-1B86-4668-8E5F-3748767DB16A}"
EndProject
Project("{8BC9CEB8-8B4A-11D0-8D11-00A0C91BC942}") = "Subject 7", "Subject 7\Subject 7.vcxproj", "{8A121712-D10F-4CA5-9F9D-F79387E5D2FC}"
EndProject
Project("{8BC9CEB8-8B4A-11D0-8D11-00A0C91BC942}") = "11-Epoch", "11-Epoch\11-Epoch.vcxproj", "{F94E6789-3C99-48AA-9283-2B8D30C9BC7F}"
EndProject
Project("{8BC9CEB8-8B4A-11D0-8D11-00A0C91BC942}") = "12-Universial Lockfree Set", "12-Universial Lockfree Set\12-Universial Lockfree Set.vcxproj", "{31B4B0E2-E73C-4211-B9E6-9767A6F60A9A}"
EndProject
Project("{8BC9CEB8-8B4A-11D0-8D11-00A0C91BC942}") = "13-Coarse Grained Queue", "13-Coarse Grained Queue\13-Coarse Grained Queue.vcxproj", "{A8DC229E-9A3F-4FD5-ADDD-A7C3377A6FB6}"
EndProject
Project("{8BC9CEB8-8B4A-11D0-8D11-00A0C91BC942}") = "14-Lockfree Queue", "14-Lockfree Queue\14-Lockfree Queue.vcxproj", "{A3E48915-88C4-4298-88BA-F317F701C90D}"
EndProject
Project("{8BC9CEB8-8B4A-11D0-8D11-00A0C91BC942}") = "Subject 8", "Subject 8\Subject 8.vcxproj", "{B5275BB3-8DD5-4C90-B321-9CD80AC8E325}"
EndProject
Project("{8BC9CEB8-8B4A-11D0-8D11-00A0C91BC942}") = "Subject 10", "Subject 10\Subject 10.vcxproj", "{CC5B7DB9-1879-4A31-85B8-91CE2FDDF494}"
EndProject
Project("{8BC9CEB8-8B4A-11D0-8D11-00A0C91BC942}") = "15-Lock Free Time Stamps Queue", "15-Lock Free Time Stamps Queue\15-Lock Free Time Stamps Queue.vcxproj", "{7B60979A-E87B-4C9D-8482-8D3AA7CDED02}"
EndProject
Project("{8BC9CEB8-8B4A-11D0-8D11-00A0C91BC942}") = "16-Coarse Grained Stack", "16-Coarse Grained Stack\16-Coarse Grained Stack.vcxproj", "{92C39CA0-7048-4729-83B9-F2BB1783B018}"
EndProject
Project("{8BC9CEB8-8B4A-11D0-8D11-00A0C91BC942}") = "17-Lock Free Stack", "17-Lock Free Stack\17-Lock Free Stack.vcxproj", "{87D3E793-D385-4161-910B-41FCDA8A6A4E}"
EndProject
Project("{8BC9CEB8-8B4A-11D0-8D11-00A0C91BC942}") = "18-Skip Lists", "18-Skip Lists\18-Skip Lists.vcxproj", "{C62264F0-42D8-43B4-A947-32DD3C4491AC}"
EndProject
Project("{8BC9CEB8-8B4A-11D0-8D11-00A0C91BC942}") = "19-Lazy Skip List", "19-Lazy Skip List\19-Lazy Skip List.vcxproj", "{1DE7F18C-6929-43A7-87D7-A43BB3F3F1D5}"
EndProject
Project("{8BC9CEB8-8B4A-11D0-8D11-00A0C91BC942}") = "20-Lock Free Skip List", "20-Lock Free Skip List\20-Lock Free Skip List.vcxproj", "{79E54BB0-95BD-4783-993E-3866917B2378}"
EndProject
Project("{8BC9CEB8-8B4A-11D0-8D11-00A0C91BC942}") = "21-OpenMP", "21-OpenMP\21-OpenMP.vcxproj", "{741019C8-AE7A-4B1D-B8CA-ADBD1D80EFA5}"
EndProject
Project("{8BC9CEB8-8B4A-11D0-8D11-00A0C91BC942}") = "22-Intel TBB", "22-Intel TBB\22-Intel TBB.vcxproj", "{DC6D5ADA-860A-4572-ABF9-29069FE98E35}"
EndProject
Global
	GlobalSection(SolutionConfigurationPlatforms) = preSolution
		Debug|x64 = Debug|x64
		Debug|x86 = Debug|x86
		Release|x64 = Release|x64
		Release|x86 = Release|x86
	EndGlobalSection
	GlobalSection(ProjectConfigurationPlatforms) = postSolution
		{8DF74D4A-88A0-415B-8F4E-9C9B2130890F}.Debug|x64.ActiveCfg = Debug|x64
		{8DF74D4A-88A0-415B-8F4E-9C9B2130890F}.Debug|x64.Build.0 = Debug|x64
		{8DF74D4A-88A0-415B-8F4E-9C9B2130890F}.Debug|x86.ActiveCfg = Debug|Win32
		{8DF74D4A-88A0-415B-8F4E-9C9B2130890F}.Debug|x86.Build.0 = Debug|Win32
		{8DF74D4A-88A0-415B-8F4E-9C9B2130890F}.Release|x64.ActiveCfg = Release|x64
		{8DF74D4A-88A0-415B-8F4E-9C9B2130890F}.Release|x64.Build.0 = Release|x64
		{8DF74D4A-88A0-415B-8F4E-9C9B2130890F}.Release|x86.ActiveCfg = Release|Win32
		{8DF74D4A-88A0-415B-8F4E-9C9B2130890F}.Release|x86.Build.0 = Release|Win32
		{D0DB336E-0A66-427B-935E-23D7BF261ABE}.Debug|x64.ActiveCfg = Debug|x64
		{D0DB336E-0A66-427B-935E-23D7BF261ABE}.Debug|x64.Build.0 = Debug|x64
		{D0DB336E-0A66-427B-935E-23D7BF261ABE}.Debug|x86.ActiveCfg = Debug|Win32
		{D0DB336E-0A66-427B-935E-23D7BF261ABE}.Debug|x86.Build.0 = Debug|Win32
		{D0DB336E-0A66-427B-935E-23D7BF261ABE}.Release|x64.ActiveCfg = Release|x64
		{D0DB336E-0A66-427B-935E-23D7BF261ABE}.Release|x64.Build.0 = Release|x64
		{D0DB336E-0A66-427B-935E-23D7BF261ABE}.Release|x86.ActiveCfg = Release|Win32
		{D0DB336E-0A66-427B-935E-23D7BF261ABE}.Release|x86.Build.0 = Release|Win32
		{3314049E-CBDD-4FB0-8668-6CAA963B973C}.Debug|x64.ActiveCfg = Debug|x64
		{3314049E-CBDD-4FB0-8668-6CAA963B973C}.Debug|x64.Build.0 = Debug|x64
		{3314049E-CBDD-4FB0-8668-6CAA963B973C}.Debug|x86.ActiveCfg = Debug|Win32
		{3314049E-CBDD-4FB0-8668-6CAA963B973C}.Debug|x86.Build.0 = Debug|Win32
		{3314049E-CBDD-4FB0-8668-6CAA963B973C}.Release|x64.ActiveCfg = Release|x64
		{3314049E-CBDD-4FB0-8668-6CAA963B973C}.Release|x64.Build.0 = Release|x64
		{3314049E-CBDD-4FB0-8668-6CAA963B973C}.Release|x86.ActiveCfg = Release|Win32
		{3314049E-CBDD-4FB0-8668-6CAA963B973C}.Release|x86.Build.0 = Release|Win32
		{6D8FFAB1-CA13-47CD-8782-4F0406EDBBE5}.Debug|x64.ActiveCfg = Debug|x64
		{6D8FFAB1-CA13-47CD-8782-4F0406EDBBE5}.Debug|x64.Build.0 = Debug|x64
		{6D8FFAB1-CA13-47CD-8782-4F0406EDBBE5}.Debug|x86.ActiveCfg = Debug|Win32
		{6D8FFAB1-CA13-47CD-8782-4F0406EDBBE5}.Debug|x86.Build.0 = Debug|Win32
		{6D8FFAB1-CA13-47CD-8782-4F0406EDBBE5}.Release|x64.ActiveCfg = Release|x64
		{6D8FFAB1-CA13-47CD-8782-4F0406EDBBE5}.Release|x64.Build.0 = Release|x64
		{6D8FFAB1-CA13-47CD-8782-4F0406EDBBE5}.Release|x86.ActiveCfg = Release|Win32
		{6D8FFAB1-CA13-47CD-8782-4F0406EDBBE5}.Release|x86.Build.0 = Release|Win32
		{66ED231D-FDD8-49CB-94F7-9AFDE0E623BF}.Debug|x64.ActiveCfg = Debug|x64
		{66ED231D-FDD8-49CB-94F7-9AFDE0E623BF}.Debug|x64.Build.0 = Debug|x64
		{66ED231D-FDD8-49CB-94F7-9AFDE0E623BF}.Debug|x86.ActiveCfg = Debug|Win32
		{66ED231D-FDD8-49CB-94F7-9AFDE0E623BF}.Debug|x86.Build.0 = Debug|Win32
		{66ED231D-FDD8-49CB-94F7-9AFDE0E623BF}.Release|x64.ActiveCfg = Release|x64
		{66ED231D-FDD8-49CB-94F7-9AFDE0E623BF}.Release|x64.Build.0 = Release|x64
		{66ED231D-FDD8-49CB-94F7-9AFDE0E623BF}.Release|x86.ActiveCfg = Release|Win32
		{66ED231D-FDD8-49CB-94F7-9AFDE0E623BF}.Release|x86.Build.0 = Release|Win32
		{6454543A-25D7-47C4-B1F7-D589D2F3577B}.Debug|x64.ActiveCfg = Debug|x64
		{6454543A-25D7-47C4-B1F7-D589D2F3577B}.Debug|x64.Build.0 = Debug|x64
		{6454543A-25D7-47C4-B1F7-D589D2F3577B}.Debug|x86.ActiveCfg = Debug|Win32
		{6454543A-25D7-47C4-B1F7-D589D2F3577B}.Debug|x86.Build.0 = Debug|Win32
		{6454543A-25D7-47C4-B1F7-D589D2F3577B}.Release|x64.ActiveCfg = Release|x64
		{6454543A-25D7-47C4-B1F7-D589D2F3577B}.Release|x64.Build.0 = Release|x64
		{6454543A-25D7-47C4-B1F7-D589D2F3577B}.Release|x86.ActiveCfg = Release|Win32
		{6454543A-25D7-47C4-B1F7-D589D2F3577B}.Release|x86.Build.0 = Release|Win32
		{4827FFFD-25D8-48A6-AF56-39ED3809B668}.Debug|x64.ActiveCfg = Debug|x64
		{4827FFFD-25D8-48A6-AF56-39ED3809B668}.Debug|x64.Build.0 = Debug|x64
		{4827FFFD-25D8-48A6-AF56-39ED3809B668}.Debug|x86.ActiveCfg = Debug|Win32
		{4827FFFD-25D8-48A6-AF56-39ED3809B668}.Debug|x86.Build.0 = Debug|Win32
		{4827FFFD-25D8-48A6-AF56-39ED3809B668}.Release|x64.ActiveCfg = Release|x64
		{4827FFFD-25D8-48A6-AF56-39ED3809B668}.Release|x64.Build.0 = Release|x64
		{4827FFFD-25D8-48A6-AF56-39ED3809B668}.Release|x86.ActiveCfg = Release|Win32
		{4827FFFD-25D8-48A6-AF56-39ED3809B668}.Release|x86.Build.0 = Release|Win32
		{AA00EF5B-AAA4-4F5B-A1F5-E2A698BE3EB8}.Debug|x64.ActiveCfg = Debug|x64
		{AA00EF5B-AAA4-4F5B-A1F5-E2A698BE3EB8}.Debug|x64.Build.0 = Debug|x64
		{AA00EF5B-AAA4-4F5B-A1F5-E2A698BE3EB8}.Debug|x86.ActiveCfg = Debug|Win32
		{AA00EF5B-AAA4-4F5B-A1F5-E2A698BE3EB8}.Debug|x86.Build.0 = Debug|Win32
		{AA00EF5B-AAA4-4F5B-A1F5-E2A698BE3EB8}.Release|x64.ActiveCfg = Release|x64
		{AA00EF5B-AAA4-4F5B-A1F5-E2A698BE3EB8}.Release|x64.Build.0 = Release|x64
		{AA00EF5B-AAA4-4F5B-A1F5-E2A698BE3EB8}.Release|x86.ActiveCfg = Release|Win32
		{AA00EF5B-AAA4-4F5B-A1F5-E2A698BE3EB8}.Release|x86.Build.0 = Release|Win32
		{DE504512-EE6A-48F1-AF2F-407DD84D182C}.Debug|x64.ActiveCfg = Debug|x64
		{DE504512-EE6A-48F1-AF2F-407DD84D182C}.Debug|x64.Build.0 = Debug|x64
		{DE504512-EE6A-48F1-AF2F-407DD84D182C}.Debug|x86.ActiveCfg = Debug|Win32
		{DE504512-EE6A-48F1-AF2F-407DD84D182C}.Debug|x86.Build.0 = Debug|Win32
		{DE504512-EE6A-48F1-AF2F-407DD84D182C}.Release|x64.ActiveCfg = Release|x64
		{DE504512-EE6A-48F1-AF2F-407DD84D182C}.Release|x64.Build.0 = Release|x64
		{DE504512-EE6A-48F1-AF2F-407DD84D182C}.Release|x86.ActiveCfg = Release|Win32
		{DE504512-EE6A-48F1-AF2F-407DD84D182C}.Release|x86.Build.0 = Release|Win32
		{ECFF6C19-7745-4C3C-B84B-C37059D73B7F}.Debug|x64.ActiveCfg = Debug|x64
		{ECFF6C19-7745-4C3C-B84B-C37059D73B7F}.Debug|x64.Build.0 = Debug|x64
		{ECFF6C19-7745-4C3C-B84B-C37059D73B7F}.Debug|x86.ActiveCfg = Debug|Win32
		{ECFF6C19-7745-4C3C-B84B-C37059D73B7F}.Debug|x86.Build.0 = Debug|Win32
		{ECFF6C19-7745-4C3C-B84B-C37059D73B7F}.Release|x64.ActiveCfg = Release|x64
		{ECFF6C19-7745-4C3C-B84B-C37059D73B7F}.Release|x64.Build.0 = Release|x64
		{ECFF6C19-7745-4C3C-B84B-C37059D73B7F}.Release|x86.ActiveCfg = Release|Win32
		{ECFF6C19-7745-4C3C-B84B-C37059D73B7F}.Release|x86.Build.0 = Release|Win32
		{662938AA-6580-47B0-9DB3-C157D89A5C39}.Debug|x64.ActiveCfg = Debug|x64
		{662938AA-6580-47B0-9DB3-C157D89A5C39}.Debug|x64.Build.0 = Debug|x64
		{662938AA-6580-47B0-9DB3-C157D89A5C39}.Debug|x86.ActiveCfg = Debug|Win32
		{662938AA-6580-47B0-9DB3-C157D89A5C39}.Debug|x86.Build.0 = Debug|Win32
		{662938AA-6580-47B0-9DB3-C157D89A5C39}.Release|x64.ActiveCfg = Release|x64
		{662938AA-6580-47B0-9DB3-C157D89A5C39}.Release|x64.Build.0 = Release|x64
		{662938AA-6580-47B0-9DB3-C157D89A5C39}.Release|x86.ActiveCfg = Release|Win32
		{662938AA-6580-47B0-9DB3-C157D89A5C39}.Release|x86.Build.0 = Release|Win32
		{692CF35A-0171-4E17-82E9-72604DB1E0B7}.Debug|x64.ActiveCfg = Debug|x64
		{692CF35A-0171-4E17-82E9-72604DB1E0B7}.Debug|x64.Build.0 = Debug|x64
		{692CF35A-0171-4E17-82E9-72604DB1E0B7}.Debug|x86.ActiveCfg = Debug|Win32
		{692CF35A-0171-4E17-82E9-72604DB1E0B7}.Debug|x86.Build.0 = Debug|Win32
		{692CF35A-0171-4E17-82E9-72604DB1E0B7}.Release|x64.ActiveCfg = Release|x64
		{692CF35A-0171-4E17-82E9-72604DB1E0B7}.Release|x64.Build.0 = Release|x64
		{692CF35A-0171-4E17-82E9-72604DB1E0B7}.Release|x86.ActiveCfg = Release|Win32
		{692CF35A-0171-4E17-82E9-72604DB1E0B7}.Release|x86.Build.0 = Release|Win32
		{CEE560A7-F569-4F48-8C0F-6FF24D670602}.Debug|x64.ActiveCfg = Debug|x64
		{CEE560A7-F569-4F48-8C0F-6FF24D670602}.Debug|x64.Build.0 = Debug|x64
		{CEE560A7-F569-4F48-8C0F-6FF24D670602}.Debug|x86.ActiveCfg = Debug|Win32
		{CEE560A7-F569-4F48-8C0F-6FF24D670602}.Debug|x86.Build.0 = Debug|Win32
		{CEE560A7-F569-4F48-8C0F-6FF24D670602}.Release|x64.ActiveCfg = Release|x64
		{CEE560A7-F569-4F48-8C0F-6FF24D670602}.Release|x64.Build.0 = Release|x64
		{CEE560A7-F569-4F48-8C0F-6FF24D670602}.Release|x86.ActiveCfg = Release|Win32
		{CEE560A7-F569-4F48-8C0F-6FF24D670602}.Release|x86.Build.0 = Release|Win32
		{27C2682B-50DA-4820-A223-E29BA1E952F3}.Debug|x64.ActiveCfg = Debug|x64
		{27C2682B-50DA-4820-A223-E29BA1E952F3}.Debug|x64.Build.0 = Debug|x64
		{27C2682B-50DA-4820-A223-E29BA1E952F3}.Debug|x86.ActiveCfg = Debug|Win32
		{27C2682B-50DA-4820-A223-E29BA1E952F3}.Debug|x86.Build.0 = Debug|Win32
		{27C2682B-50DA-4820-A223-E29BA1E952F3}.Release|x64.ActiveCfg = Release|x64
		{27C2682B-50DA-4820-A223-E29BA1E952F3}.Release|x64.Build.0 = Release|x64
		{27C2682B-50DA-4820-A223-E29BA1E952F3}.Release|x86.ActiveCfg = Release|Win32
		{27C2682B-50DA-4820-A223-E29BA1E952F3}.Release|x86.Build.0 = Release|Win32
		{51686252-AA4A-48D8-9A7F-E57E43408F2F}.Debug|x64.ActiveCfg = Debug|x64
		{51686252-AA4A-48D8-9A7F-E57E43408F2F}.Debug|x64.Build.0 = Debug|x64
		{51686252-AA4A-48D8-9A7F-E57E43408F2F}.Debug|x86.ActiveCfg = Debug|Win32
		{51686252-AA4A-48D8-9A7F-E57E43408F2F}.Debug|x86.Build.0 = Debug|Win32
		{51686252-AA4A-48D8-9A7F-E57E43408F2F}.Release|x64.ActiveCfg = Release|x64
		{51686252-AA4A-48D8-9A7F-E57E43408F2F}.Release|x64.Build.0 = Release|x64
		{51686252-AA4A-48D8-9A7F-E57E43408F2F}.Release|x86.ActiveCfg = Release|Win32
		{51686252-AA4A-48D8-9A7F-E57E43408F2F}.Release|x86.Build.0 = Release|Win32
		{3960447F-1B86-4668-8E5F-3748767DB16A}.Debug|x64.ActiveCfg = Debug|x64
		{3960447F-1B86-4668-8E5F-3748767DB16A}.Debug|x64.Build.0 = Debug|x64
		{3960447F-1B86-4668-8E5F-3748767DB16A}.Debug|x86.ActiveCfg = Debug|Win32
		{3960447F-1B86-4668-8E5F-3748767DB16A}.Debug|x86.Build.0 = Debug|Win32
		{3960447F-1B86-4668-8E5F-3748767DB16A}.Release|x64.ActiveCfg = Release|x64
		{3960447F-1B86-4668-8E5F-3748767DB16A}.Release|x64.Build.0 = Release|x64
		{3960447F-1B86-4668-8E5F-3748767DB16A}.Release|x86.ActiveCfg = Release|Win32
		{3960447F-1B86-4668-8E5F-3748767DB16A}.Release|x86.Build.0 = Release|Win32
		{8A121712-D10F-4CA5-9F9D-F79387E5D2FC}.Debug|x64.ActiveCfg = Debug|x64
		{8A121712-D10F-4CA5-9F9D-F79387E5D2FC}.Debug|x64.Build.0 = Debug|x64
		{8A121712-D10F-4CA5-9F9D-F79387E5D2FC}.Debug|x86.ActiveCfg = Debug|Win32
		{8A121712-D10F-4CA5-9F9D-F79387E5D2FC}.Debug|x86.Build.0 = Debug|Win32
		{8A121712-D10F-4CA5-9F9D-F79387E5D2FC}.Release|x64.ActiveCfg = Release|x64
		{8A121712-D10F-4CA5-9F9D-F79387E5D2FC}.Release|x64.Build.0 = Release|x64
		{8A121712-D10F-4CA5-9F9D-F79387E5D2FC}.Release|x86.ActiveCfg = Release|Win32
		{8A121712-D10F-4CA5-9F9D-F79387E5D2FC}.Release|x86.Build.0 = Release|Win32
		{F94E6789-3C99-48AA-9283-2B8D30C9BC7F}.Debug|x64.ActiveCfg = Debug|x64
		{F94E6789-3C99-48AA-9283-2B8D30C9BC7F}.Debug|x64.Build.0 = Debug|x64
		{F94E6789-3C99-48AA-9283-2B8D30C9BC7F}.Debug|x86.ActiveCfg = Debug|Win32
		{F94E6789-3C99-48AA-9283-2B8D30C9BC7F}.Debug|x86.Build.0 = Debug|Win32
		{F94E6789-3C99-48AA-9283-2B8D30C9BC7F}.Release|x64.ActiveCfg = Release|x64
		{F94E6789-3C99-48AA-9283-2B8D30C9BC7F}.Release|x64.Build.0 = Release|x64
		{F94E6789-3C99-48AA-9283-2B8D30C9BC7F}.Release|x86.ActiveCfg = Release|Win32
		{F94E6789-3C99-48AA-9283-2B8D30C9BC7F}.Release|x86.Build.0 = Release|Win32
		{31B4B0E2-E73C-4211-B9E6-9767A6F60A9A}.Debug|x64.ActiveCfg = Debug|x64
		{31B4B0E2-E73C-4211-B9E6-9767A6F60A9A}.Debug|x64.Build.0 = Debug|x64
		{31B4B0E2-E73C-4211-B9E6-9767A6F60A9A}.Debug|x86.ActiveCfg = Debug|Win32
		{31B4B0E2-E73C-4211-B9E6-9767A6F60A9A}.Debug|x86.Build.0 = Debug|Win32
		{31B4B0E2-E73C-4211-B9E6-9767A6F60A9A}.Release|x64.ActiveCfg = Release|x64
		{31B4B0E2-E73C-4211-B9E6-9767A6F60A9A}.Release|x64.Build.0 = Release|x64
		{31B4B0E2-E73C-4211-B9E6-9767A6F60A9A}.Release|x86.ActiveCfg = Release|Win32
		{31B4B0E2-E73C-4211-B9E6-9767A6F60A9A}.Release|x86.Build.0 = Release|Win32
		{A8DC229E-9A3F-4FD5-ADDD-A7C3377A6FB6}.Debug|x64.ActiveCfg = Debug|x64
		{A8DC229E-9A3F-4FD5-ADDD-A7C3377A6FB6}.Debug|x64.Build.0 = Debug|x64
		{A8DC229E-9A3F-4FD5-ADDD-A7C3377A6FB6}.Debug|x86.ActiveCfg = Debug|Win32
		{A8DC229E-9A3F-4FD5-ADDD-A7C3377A6FB6}.Debug|x86.Build.0 = Debug|Win32
		{A8DC229E-9A3F-4FD5-ADDD-A7C3377A6FB6}.Release|x64.ActiveCfg = Release|x64
		{A8DC229E-9A3F-4FD5-ADDD-A7C3377A6FB6}.Release|x64.Build.0 = Release|x64
		{A8DC229E-9A3F-4FD5-ADDD-A7C3377A6FB6}.Release|x86.ActiveCfg = Release|Win32
		{A8DC229E-9A3F-4FD5-ADDD-A7C3377A6FB6}.Release|x86.Build.0 = Release|Win32
		{A3E48915-88C4-4298-88BA-F317F701C90D}.Debug|x64.ActiveCfg = Debug|x64
		{A3E48915-88C4-4298-88BA-F317F701C90D}.Debug|x64.Build.0 = Debug|x64
		{A3E48915-88C4-4298-88BA-F317F701C90D}.Debug|x86.ActiveCfg = Debug|Win32
		{A3E48915-88C4-4298-88BA-F317F701C90D}.Debug|x86.Build.0 = Debug|Win32
		{A3E48915-88C4-4298-88BA-F317F701C90D}.Release|x64.ActiveCfg = Release|x64
		{A3E48915-88C4-4298-88BA-F317F701C90D}.Release|x64.Build.0 = Release|x64
		{A3E48915-88C4-4298-88BA-F317F701C90D}.Release|x86.ActiveCfg = Release|Win32
		{A3E48915-88C4-4298-88BA-F317F701C90D}.Release|x86.Build.0 = Release|Win32
		{B5275BB3-8DD5-4C90-B321-9CD80AC8E325}.Debug|x64.ActiveCfg = Debug|x64
		{B5275BB3-8DD5-4C90-B321-9CD80AC8E325}.Debug|x64.Build.0 = Debug|x64
		{B5275BB3-8DD5-4C90-B321-9CD80AC8E325}.Debug|x86.ActiveCfg = Debug|Win32
		{B5275BB3-8DD5-4C90-B321-9CD80AC8E325}.Debug|x86.Build.0 = Debug|Win32
		{B5275BB3-8DD5-4C90-B321-9CD80AC8E325}.Release|x64.ActiveCfg = Release|x64
		{B5275BB3-8DD5-4C90-B321-9CD80AC8E325}.Release|x64.Build.0 = Release|x64
		{B5275BB3-8DD5-4C90-B321-9CD80AC8E325}.Release|x86.ActiveCfg = Release|Win32
		{B5275BB3-8DD5-4C90-B321-9CD80AC8E325}.Release|x86.Build.0 = Release|Win32
		{CC5B7DB9-1879-4A31-85B8-91CE2FDDF494}.Debug|x64.ActiveCfg = Debug|x64
		{CC5B7DB9-1879-4A31-85B8-91CE2FDDF494}.Debug|x64.Build.0 = Debug|x64
		{CC5B7DB9-1879-4A31-85B8-91CE2FDDF494}.Debug|x86.ActiveCfg = Debug|Win32
		{CC5B7DB9-1879-4A31-85B8-91CE2FDDF494}.Debug|x86.Build.0 = Debug|Win32
		{CC5B7DB9-1879-4A31-85B8-91CE2FDDF494}.Release|x64.ActiveCfg = Release|x64
		{CC5B7DB9-1879-4A31-85B8-91CE2FDDF494}.Release|x64.Build.0 = Release|x64
		{CC5B7DB9-1879-4A31-85B8-91CE2FDDF494}.Release|x86.ActiveCfg = Release|Win32
		{CC5B7DB9-1879-4A31-85B8-91CE2FDDF494}.Release|x86.Build.0 = Release|Win32
		{7B60979A-E87B-4C9D-8482-8D3AA7CDED02}.Debug|x64.ActiveCfg = Debug|x64
		{7B60979A-E87B-4C9D-8482-8D3AA7CDED02}.Debug|x64.Build.0 = Debug|x64
		{7B60979A-E87B-4C9D-8482-8D3AA7CDED02}.Debug|x86.ActiveCfg = Debug|Win32
		{7B60979A-E87B-4C9D-8482-8D3AA7CDED02}.Debug|x86.Build.0 = Debug|Win32
		{7B60979A-E87B-4C9D-8482-8D3AA7CDED02}.Release|x64.ActiveCfg = Release|x64
		{7B60979A-E87B-4C9D-8482-8D3AA7CDED02}.Release|x64.Build.0 = Release|x64
		{7B60979A-E87B-4C9D-8482-8D3AA7CDED02}.Release|x86.ActiveCfg = Release|Win32
		{7B60979A-E87B-4C9D-8482-8D3AA7CDED02}.Release|x86.Build.0 = Release|Win32
		{92C39CA0-7048-4729-83B9-F2BB1783B018}.Debug|x64.ActiveCfg = Debug|x64
		{92C39CA0-7048-4729-83B9-F2BB1783B018}.Debug|x64.Build.0 = Debug|x64
		{92C39CA0-7048-4729-83B9-F2BB1783B018}.Debug|x86.ActiveCfg = Debug|Win32
		{92C39CA0-7048-4729-83B9-F2BB1783B018}.Debug|x86.Build.0 = Debug|Win32
		{92C39CA0-7048-4729-83B9-F2BB1783B018}.Release|x64.ActiveCfg = Release|x64
		{92C39CA0-7048-4729-83B9-F2BB1783B018}.Release|x64.Build.0 = Release|x64
		{92C39CA0-7048-4729-83B9-F2BB1783B018}.Release|x86.ActiveCfg = Release|Win32
		{92C39CA0-7048-4729-83B9-F2BB1783B018}.Release|x86.Build.0 = Release|Win32
		{87D3E793-D385-4161-910B-41FCDA8A6A4E}.Debug|x64.ActiveCfg = Debug|x64
		{87D3E793-D385-4161-910B-41FCDA8A6A4E}.Debug|x64.Build.0 = Debug|x64
		{87D3E793-D385-4161-910B-41FCDA8A6A4E}.Debug|x86.ActiveCfg = Debug|Win32
		{87D3E793-D385-4161-910B-41FCDA8A6A4E}.Debug|x86.Build.0 = Debug|Win32
		{87D3E793-D385-4161-910B-41FCDA8A6A4E}.Release|x64.ActiveCfg = Release|x64
		{87D3E793-D385-4161-910B-41FCDA8A6A4E}.Release|x64.Build.0 = Release|x64
		{87D3E793-D385-4161-910B-41FCDA8A6A4E}.Release|x86.ActiveCfg = Release|Win32
		{87D3E793-D385-4161-910B-41FCDA8A6A4E}.Release|x86.Build.0 = Release|Win32
		{C62264F0-42D8-43B4-A947-32DD3C4491AC}.Debug|x64.ActiveCfg = Debug|x64
		{C62264F0-42D8-43B4-A947-32DD3C4491AC}.Debug|x64.Build.0 = Debug|x64
		{C62264F0-42D8-43B4-A947-32DD3C4491AC}.Debug|x86.ActiveCfg = Debug|Win32
		{C62264F0-42D8-43B4-A947-32DD3C4491AC}.Debug|x86.Build.0 = Debug|Win32
		{C62264F0-42D8-43B4-A947-32DD3C4491AC}.Release|x64.ActiveCfg = Release|x64
		{C62264F0-42D8-43B4-A947-32DD3C4491AC}.Release|x64.Build.0 = Release|x64
		{C62264F0-42D8-43B4-A947-32DD3C4491AC}.Release|x86.ActiveCfg = Release|Win32
		{C62264F0-42D8-43B4-A947-32DD3C4491AC}.Release|x86.Build.0 = Release|Win32
		{1DE7F18C-6929-43A7-87D7-A43BB3F3F1D5}.Debug|x64.ActiveCfg = Debug|x64
		{1DE7F18C-6929-43A7-87D7-A43BB3F3F1D5}.Debug|x64.Build.0 = Debug|x64
		{1DE7F18C-6929-43A7-87D7-A43BB3F3F1D5}.Debug|x86.ActiveCfg = Debug|Win32
		{1DE7F18C-6929-43A7-87D7-A43BB3F3F1D5}.Debug|x86.Build.0 = Debug|Win32
		{1DE7F18C-6929-43A7-87D7-A43BB3F3F1D5}.Release|x64.ActiveCfg = Release|x64
		{1DE7F18C-6929-43A7-87D7-A43BB3F3F1D5}.Release|x64.Build.0 = Release|x64
		{1DE7F18C-6929-43A7-87D7-A43BB3F3F1D5}.Release|x86.ActiveCfg = Release|Win32
		{1DE7F18C-6929-43A7-87D7-A43BB3F3F1D5}.Release|x86.Build.0 = Release|Win32
		{79E54BB0-95BD-4783-993E-3866917B2378}.Debug|x64.ActiveCfg = Debug|x64
		{79E54BB0-95BD-4783-993E-3866917B2378}.Debug|x64.Build.0 = Debug|x64
		{79E54BB0-95BD-4783-993E-3866917B2378}.Debug|x86.ActiveCfg = Debug|Win32
		{79E54BB0-95BD-4783-993E-3866917B2378}.Debug|x86.Build.0 = Debug|Win32
		{79E54BB0-95BD-4783-993E-3866917B2378}.Release|x64.ActiveCfg = Release|x64
		{79E54BB0-95BD-4783-993E-3866917B2378}.Release|x64.Build.0 = Release|x64
		{79E54BB0-95BD-4783-993E-3866917B2378}.Release|x86.ActiveCfg = Release|Win32
		{79E54BB0-95BD-4783-993E-3866917B2378}.Release|x86.Build.0 = Release|Win32
		{741019C8-AE7A-4B1D-B8CA-ADBD1D80EFA5}.Debug|x64.ActiveCfg = Debug|x64
		{741019C8-AE7A-4B1D-B8CA-ADBD1D80EFA5}.Debug|x64.Build.0 = Debug|x64
		{741019C8-AE7A-4B1D-B8CA-ADBD1D80EFA5}.Debug|x86.ActiveCfg = Debug|Win32
		{741019C8-AE7A-4B1D-B8CA-ADBD1D80EFA5}.Debug|x86.Build.0 = Debug|Win32
		{741019C8-AE7A-4B1D-B8CA-ADBD1D80EFA5}.Release|x64.ActiveCfg = Release|x64
		{741019C8-AE7A-4B1D-B8CA-ADBD1D80EFA5}.Release|x64.Build.0 = Release|x64
		{741019C8-AE7A-4B1D-B8CA-ADBD1D80EFA5}.Release|x86.ActiveCfg = Release|Win32
		{741019C8-AE7A-4B1D-B8CA-ADBD1D80EFA5}.Release|x86.Build.0 = Release|Win32
		{DC6D5ADA-860A-4572-ABF9-29069FE98E35}.Debug|x64.ActiveCfg = Debug|x64
		{DC6D5ADA-860A-4572-ABF9-29069FE98E35}.Debug|x64.Build.0 = Debug|x64
		{DC6D5ADA-860A-4572-ABF9-29069FE98E35}.Debug|x86.ActiveCfg = Debug|Win32
		{DC6D5ADA-860A-4572-ABF9-29069FE98E35}.Debug|x86.Build.0 = Debug|Win32
		{DC6D5ADA-860A-4572-ABF9-29069FE98E35}.Release|x64.ActiveCfg = Release|x64
		{DC6D5ADA-860A-4572-ABF9-29069FE98E35}.Release|x64.Build.0 = Release|x64
		{DC6D5ADA-860A-4572-ABF9-29069FE98E35}.Release|x86.ActiveCfg = Release|Win32
		{DC6D5ADA-860A-4572-ABF9-29069FE98E35}.Release|x86.Build.0 = Release|Win32
	EndGlobalSection
	GlobalSection(SolutionProperties) = preSolution
		HideSolutionNode = FALSE
	EndGlobalSection
	GlobalSection(ExtensibilityGlobals) = postSolution
		SolutionGuid = {C2F22145-E08B-401D-8E43-EE2D63849598}
	EndGlobalSection
EndGlobal
