
Microsoft Visual Studio Solution File, Format Version 12.00
# Visual Studio Version 17
VisualStudioVersion = 17.3.32825.248
MinimumVisualStudioVersion = 10.0.40219.1
Project("{8BC9CEB8-8B4A-11D0-8D11-00A0C91BC942}") = "Multicore-Programming", "Multicore-Programming\Multicore-Programming.vcxproj", "{8DF74D4A-88A0-415B-8F4E-9C9B2130890F}"
EndProject
Project("{8BC9CEB8-8B4A-11D0-8D11-00A0C91BC942}") = "00-Summary", "00-Summary\00-Summary.vcxproj", "{D0DB336E-0A66-427B-935E-23D7BF261ABE}"
EndProject
Project("{8BC9CEB8-8B4A-11D0-8D11-00A0C91BC942}") = "01-Mutex", "01-Mutex\01-Mutex.vcxproj", "{3314049E-CBDD-4FB0-8668-6CAA963B973C}"
EndProject
Project("{8BC9CEB8-8B4A-11D0-8D11-00A0C91BC942}") = "02-Trying to avoid the Data Race", "02-Trying to avoid the Data Race\02-Trying to avoid the Data Race.vcxproj", "{6D8FFAB1-CA13-47CD-8782-4F0406EDBBE5}"
EndProject
Project("{8BC9CEB8-8B4A-11D0-8D11-00A0C91BC942}") = "Subject 1", "Subject 1\Subject 1.vcxproj", "{66ED231D-FDD8-49CB-94F7-9AFDE0E623BF}"
EndProject
Project("{8BC9CEB8-8B4A-11D0-8D11-00A0C91BC942}") = "03-Memory Affinity", "03-Memory Affinity\03-Memory Affinity.vcxproj", "{6454543A-25D7-47C4-B1F7-D589D2F3577B}"
EndProject
Project("{8BC9CEB8-8B4A-11D0-8D11-00A0C91BC942}") = "04-Memory Inspect", "04-Memory Inspect\04-Memory Inspect.vcxproj", "{4827FFFD-25D8-48A6-AF56-39ED3809B668}"
EndProject
Project("{8BC9CEB8-8B4A-11D0-8D11-00A0C91BC942}") = "05-Atomic", "05-Atomic\05-Atomic.vcxproj", "{AA00EF5B-AAA4-4F5B-A1F5-E2A698BE3EB8}"
EndProject
Project("{8BC9CEB8-8B4A-11D0-8D11-00A0C91BC942}") = "06-Linked List and Set", "06-Linked List and Set\06-Linked List and Set.vcxproj", "{DE504512-EE6A-48F1-AF2F-407DD84D182C}"
EndProject
Project("{8BC9CEB8-8B4A-11D0-8D11-00A0C91BC942}") = "07-FineGrainedSet", "07-FineGrainedSet\07-FineGrainedSet.vcxproj", "{ECFF6C19-7745-4C3C-B84B-C37059D73B7F}"
EndProject
Project("{8BC9CEB8-8B4A-11D0-8D11-00A0C91BC942}") = "Subject 2", "Subject 2\Subject 2.vcxproj", "{662938AA-6580-47B0-9DB3-C157D89A5C39}"
EndProject
Global
	GlobalSection(SolutionConfigurationPlatforms) = preSolution
		Debug|x64 = Debug|x64
		Debug|x86 = Debug|x86
		Release|x64 = Release|x64
		Release|x86 = Release|x86
	EndGlobalSection
	GlobalSection(ProjectConfigurationPlatforms) = postSolution
		{8DF74D4A-88A0-415B-8F4E-9C9B2130890F}.Debug|x64.ActiveCfg = Debug|x64
		{8DF74D4A-88A0-415B-8F4E-9C9B2130890F}.Debug|x64.Build.0 = Debug|x64
		{8DF74D4A-88A0-415B-8F4E-9C9B2130890F}.Debug|x86.ActiveCfg = Debug|Win32
		{8DF74D4A-88A0-415B-8F4E-9C9B2130890F}.Debug|x86.Build.0 = Debug|Win32
		{8DF74D4A-88A0-415B-8F4E-9C9B2130890F}.Release|x64.ActiveCfg = Release|x64
		{8DF74D4A-88A0-415B-8F4E-9C9B2130890F}.Release|x64.Build.0 = Release|x64
		{8DF74D4A-88A0-415B-8F4E-9C9B2130890F}.Release|x86.ActiveCfg = Release|Win32
		{8DF74D4A-88A0-415B-8F4E-9C9B2130890F}.Release|x86.Build.0 = Release|Win32
		{D0DB336E-0A66-427B-935E-23D7BF261ABE}.Debug|x64.ActiveCfg = Debug|x64
		{D0DB336E-0A66-427B-935E-23D7BF261ABE}.Debug|x64.Build.0 = Debug|x64
		{D0DB336E-0A66-427B-935E-23D7BF261ABE}.Debug|x86.ActiveCfg = Debug|Win32
		{D0DB336E-0A66-427B-935E-23D7BF261ABE}.Debug|x86.Build.0 = Debug|Win32
		{D0DB336E-0A66-427B-935E-23D7BF261ABE}.Release|x64.ActiveCfg = Release|x64
		{D0DB336E-0A66-427B-935E-23D7BF261ABE}.Release|x64.Build.0 = Release|x64
		{D0DB336E-0A66-427B-935E-23D7BF261ABE}.Release|x86.ActiveCfg = Release|Win32
		{D0DB336E-0A66-427B-935E-23D7BF261ABE}.Release|x86.Build.0 = Release|Win32
		{3314049E-CBDD-4FB0-8668-6CAA963B973C}.Debug|x64.ActiveCfg = Debug|x64
		{3314049E-CBDD-4FB0-8668-6CAA963B973C}.Debug|x64.Build.0 = Debug|x64
		{3314049E-CBDD-4FB0-8668-6CAA963B973C}.Debug|x86.ActiveCfg = Debug|Win32
		{3314049E-CBDD-4FB0-8668-6CAA963B973C}.Debug|x86.Build.0 = Debug|Win32
		{3314049E-CBDD-4FB0-8668-6CAA963B973C}.Release|x64.ActiveCfg = Release|x64
		{3314049E-CBDD-4FB0-8668-6CAA963B973C}.Release|x64.Build.0 = Release|x64
		{3314049E-CBDD-4FB0-8668-6CAA963B973C}.Release|x86.ActiveCfg = Release|Win32
		{3314049E-CBDD-4FB0-8668-6CAA963B973C}.Release|x86.Build.0 = Release|Win32
		{6D8FFAB1-CA13-47CD-8782-4F0406EDBBE5}.Debug|x64.ActiveCfg = Debug|x64
		{6D8FFAB1-CA13-47CD-8782-4F0406EDBBE5}.Debug|x64.Build.0 = Debug|x64
		{6D8FFAB1-CA13-47CD-8782-4F0406EDBBE5}.Debug|x86.ActiveCfg = Debug|Win32
		{6D8FFAB1-CA13-47CD-8782-4F0406EDBBE5}.Debug|x86.Build.0 = Debug|Win32
		{6D8FFAB1-CA13-47CD-8782-4F0406EDBBE5}.Release|x64.ActiveCfg = Release|x64
		{6D8FFAB1-CA13-47CD-8782-4F0406EDBBE5}.Release|x64.Build.0 = Release|x64
		{6D8FFAB1-CA13-47CD-8782-4F0406EDBBE5}.Release|x86.ActiveCfg = Release|Win32
		{6D8FFAB1-CA13-47CD-8782-4F0406EDBBE5}.Release|x86.Build.0 = Release|Win32
		{66ED231D-FDD8-49CB-94F7-9AFDE0E623BF}.Debug|x64.ActiveCfg = Debug|x64
		{66ED231D-FDD8-49CB-94F7-9AFDE0E623BF}.Debug|x64.Build.0 = Debug|x64
		{66ED231D-FDD8-49CB-94F7-9AFDE0E623BF}.Debug|x86.ActiveCfg = Debug|Win32
		{66ED231D-FDD8-49CB-94F7-9AFDE0E623BF}.Debug|x86.Build.0 = Debug|Win32
		{66ED231D-FDD8-49CB-94F7-9AFDE0E623BF}.Release|x64.ActiveCfg = Release|x64
		{66ED231D-FDD8-49CB-94F7-9AFDE0E623BF}.Release|x64.Build.0 = Release|x64
		{66ED231D-FDD8-49CB-94F7-9AFDE0E623BF}.Release|x86.ActiveCfg = Release|Win32
		{66ED231D-FDD8-49CB-94F7-9AFDE0E623BF}.Release|x86.Build.0 = Release|Win32
		{6454543A-25D7-47C4-B1F7-D589D2F3577B}.Debug|x64.ActiveCfg = Debug|x64
		{6454543A-25D7-47C4-B1F7-D589D2F3577B}.Debug|x64.Build.0 = Debug|x64
		{6454543A-25D7-47C4-B1F7-D589D2F3577B}.Debug|x86.ActiveCfg = Debug|Win32
		{6454543A-25D7-47C4-B1F7-D589D2F3577B}.Debug|x86.Build.0 = Debug|Win32
		{6454543A-25D7-47C4-B1F7-D589D2F3577B}.Release|x64.ActiveCfg = Release|x64
		{6454543A-25D7-47C4-B1F7-D589D2F3577B}.Release|x64.Build.0 = Release|x64
		{6454543A-25D7-47C4-B1F7-D589D2F3577B}.Release|x86.ActiveCfg = Release|Win32
		{6454543A-25D7-47C4-B1F7-D589D2F3577B}.Release|x86.Build.0 = Release|Win32
		{4827FFFD-25D8-48A6-AF56-39ED3809B668}.Debug|x64.ActiveCfg = Debug|x64
		{4827FFFD-25D8-48A6-AF56-39ED3809B668}.Debug|x64.Build.0 = Debug|x64
		{4827FFFD-25D8-48A6-AF56-39ED3809B668}.Debug|x86.ActiveCfg = Debug|Win32
		{4827FFFD-25D8-48A6-AF56-39ED3809B668}.Debug|x86.Build.0 = Debug|Win32
		{4827FFFD-25D8-48A6-AF56-39ED3809B668}.Release|x64.ActiveCfg = Release|x64
		{4827FFFD-25D8-48A6-AF56-39ED3809B668}.Release|x64.Build.0 = Release|x64
		{4827FFFD-25D8-48A6-AF56-39ED3809B668}.Release|x86.ActiveCfg = Release|Win32
		{4827FFFD-25D8-48A6-AF56-39ED3809B668}.Release|x86.Build.0 = Release|Win32
		{AA00EF5B-AAA4-4F5B-A1F5-E2A698BE3EB8}.Debug|x64.ActiveCfg = Debug|x64
		{AA00EF5B-AAA4-4F5B-A1F5-E2A698BE3EB8}.Debug|x64.Build.0 = Debug|x64
		{AA00EF5B-AAA4-4F5B-A1F5-E2A698BE3EB8}.Debug|x86.ActiveCfg = Debug|Win32
		{AA00EF5B-AAA4-4F5B-A1F5-E2A698BE3EB8}.Debug|x86.Build.0 = Debug|Win32
		{AA00EF5B-AAA4-4F5B-A1F5-E2A698BE3EB8}.Release|x64.ActiveCfg = Release|x64
		{AA00EF5B-AAA4-4F5B-A1F5-E2A698BE3EB8}.Release|x64.Build.0 = Release|x64
		{AA00EF5B-AAA4-4F5B-A1F5-E2A698BE3EB8}.Release|x86.ActiveCfg = Release|Win32
		{AA00EF5B-AAA4-4F5B-A1F5-E2A698BE3EB8}.Release|x86.Build.0 = Release|Win32
		{DE504512-EE6A-48F1-AF2F-407DD84D182C}.Debug|x64.ActiveCfg = Debug|x64
		{DE504512-EE6A-48F1-AF2F-407DD84D182C}.Debug|x64.Build.0 = Debug|x64
		{DE504512-EE6A-48F1-AF2F-407DD84D182C}.Debug|x86.ActiveCfg = Debug|Win32
		{DE504512-EE6A-48F1-AF2F-407DD84D182C}.Debug|x86.Build.0 = Debug|Win32
		{DE504512-EE6A-48F1-AF2F-407DD84D182C}.Release|x64.ActiveCfg = Release|x64
		{DE504512-EE6A-48F1-AF2F-407DD84D182C}.Release|x64.Build.0 = Release|x64
		{DE504512-EE6A-48F1-AF2F-407DD84D182C}.Release|x86.ActiveCfg = Release|Win32
		{DE504512-EE6A-48F1-AF2F-407DD84D182C}.Release|x86.Build.0 = Release|Win32
		{ECFF6C19-7745-4C3C-B84B-C37059D73B7F}.Debug|x64.ActiveCfg = Debug|x64
		{ECFF6C19-7745-4C3C-B84B-C37059D73B7F}.Debug|x64.Build.0 = Debug|x64
		{ECFF6C19-7745-4C3C-B84B-C37059D73B7F}.Debug|x86.ActiveCfg = Debug|Win32
		{ECFF6C19-7745-4C3C-B84B-C37059D73B7F}.Debug|x86.Build.0 = Debug|Win32
		{ECFF6C19-7745-4C3C-B84B-C37059D73B7F}.Release|x64.ActiveCfg = Release|x64
		{ECFF6C19-7745-4C3C-B84B-C37059D73B7F}.Release|x64.Build.0 = Release|x64
		{ECFF6C19-7745-4C3C-B84B-C37059D73B7F}.Release|x86.ActiveCfg = Release|Win32
		{ECFF6C19-7745-4C3C-B84B-C37059D73B7F}.Release|x86.Build.0 = Release|Win32
		{662938AA-6580-47B0-9DB3-C157D89A5C39}.Debug|x64.ActiveCfg = Debug|x64
		{662938AA-6580-47B0-9DB3-C157D89A5C39}.Debug|x64.Build.0 = Debug|x64
		{662938AA-6580-47B0-9DB3-C157D89A5C39}.Debug|x86.ActiveCfg = Debug|Win32
		{662938AA-6580-47B0-9DB3-C157D89A5C39}.Debug|x86.Build.0 = Debug|Win32
		{662938AA-6580-47B0-9DB3-C157D89A5C39}.Release|x64.ActiveCfg = Release|x64
		{662938AA-6580-47B0-9DB3-C157D89A5C39}.Release|x64.Build.0 = Release|x64
		{662938AA-6580-47B0-9DB3-C157D89A5C39}.Release|x86.ActiveCfg = Release|Win32
		{662938AA-6580-47B0-9DB3-C157D89A5C39}.Release|x86.Build.0 = Release|Win32
	EndGlobalSection
	GlobalSection(SolutionProperties) = preSolution
		HideSolutionNode = FALSE
	EndGlobalSection
	GlobalSection(ExtensibilityGlobals) = postSolution
		SolutionGuid = {C2F22145-E08B-401D-8E43-EE2D63849598}
	EndGlobalSection
EndGlobal
