
Microsoft Visual Studio Solution File, Format Version 12.00
# Visual Studio Version 17
VisualStudioVersion = 17.3.32825.248
MinimumVisualStudioVersion = 10.0.40219.1
Project("{8BC9CEB8-8B4A-11D0-8D11-00A0C91BC942}") = "Multicore-Programming", "Multicore-Programming\Multicore-Programming.vcxproj", "{8DF74D4A-88A0-415B-8F4E-9C9B2130890F}"
EndProject
Project("{8BC9CEB8-8B4A-11D0-8D11-00A0C91BC942}") = "00-Summary", "00-Summary\00-Summary.vcxproj", "{D0DB336E-0A66-427B-935E-23D7BF261ABE}"
EndProject
Project("{8BC9CEB8-8B4A-11D0-8D11-00A0C91BC942}") = "01-Mutex", "01-Mutex\01-Mutex.vcxproj", "{3314049E-CBDD-4FB0-8668-6CAA963B973C}"
EndProject
Project("{8BC9CEB8-8B4A-11D0-8D11-00A0C91BC942}") = "02-Trying to avoid the Data Race", "02-Trying to avoid the Data Race\02-Trying to avoid the Data Race.vcxproj", "{6D8FFAB1-CA13-47CD-8782-4F0406EDBBE5}"
EndProject
Global
	GlobalSection(SolutionConfigurationPlatforms) = preSolution
		Debug|x64 = Debug|x64
		Debug|x86 = Debug|x86
		Release|x64 = Release|x64
		Release|x86 = Release|x86
	EndGlobalSection
	GlobalSection(ProjectConfigurationPlatforms) = postSolution
		{8DF74D4A-88A0-415B-8F4E-9C9B2130890F}.Debug|x64.ActiveCfg = Debug|x64
		{8DF74D4A-88A0-415B-8F4E-9C9B2130890F}.Debug|x64.Build.0 = Debug|x64
		{8DF74D4A-88A0-415B-8F4E-9C9B2130890F}.Debug|x86.ActiveCfg = Debug|Win32
		{8DF74D4A-88A0-415B-8F4E-9C9B2130890F}.Debug|x86.Build.0 = Debug|Win32
		{8DF74D4A-88A0-415B-8F4E-9C9B2130890F}.Release|x64.ActiveCfg = Release|x64
		{8DF74D4A-88A0-415B-8F4E-9C9B2130890F}.Release|x64.Build.0 = Release|x64
		{8DF74D4A-88A0-415B-8F4E-9C9B2130890F}.Release|x86.ActiveCfg = Release|Win32
		{8DF74D4A-88A0-415B-8F4E-9C9B2130890F}.Release|x86.Build.0 = Release|Win32
		{D0DB336E-0A66-427B-935E-23D7BF261ABE}.Debug|x64.ActiveCfg = Debug|x64
		{D0DB336E-0A66-427B-935E-23D7BF261ABE}.Debug|x64.Build.0 = Debug|x64
		{D0DB336E-0A66-427B-935E-23D7BF261ABE}.Debug|x86.ActiveCfg = Debug|Win32
		{D0DB336E-0A66-427B-935E-23D7BF261ABE}.Debug|x86.Build.0 = Debug|Win32
		{D0DB336E-0A66-427B-935E-23D7BF261ABE}.Release|x64.ActiveCfg = Release|x64
		{D0DB336E-0A66-427B-935E-23D7BF261ABE}.Release|x64.Build.0 = Release|x64
		{D0DB336E-0A66-427B-935E-23D7BF261ABE}.Release|x86.ActiveCfg = Release|Win32
		{D0DB336E-0A66-427B-935E-23D7BF261ABE}.Release|x86.Build.0 = Release|Win32
		{3314049E-CBDD-4FB0-8668-6CAA963B973C}.Debug|x64.ActiveCfg = Debug|x64
		{3314049E-CBDD-4FB0-8668-6CAA963B973C}.Debug|x64.Build.0 = Debug|x64
		{3314049E-CBDD-4FB0-8668-6CAA963B973C}.Debug|x86.ActiveCfg = Debug|Win32
		{3314049E-CBDD-4FB0-8668-6CAA963B973C}.Debug|x86.Build.0 = Debug|Win32
		{3314049E-CBDD-4FB0-8668-6CAA963B973C}.Release|x64.ActiveCfg = Release|x64
		{3314049E-CBDD-4FB0-8668-6CAA963B973C}.Release|x64.Build.0 = Release|x64
		{3314049E-CBDD-4FB0-8668-6CAA963B973C}.Release|x86.ActiveCfg = Release|Win32
		{3314049E-CBDD-4FB0-8668-6CAA963B973C}.Release|x86.Build.0 = Release|Win32
		{6D8FFAB1-CA13-47CD-8782-4F0406EDBBE5}.Debug|x64.ActiveCfg = Debug|x64
		{6D8FFAB1-CA13-47CD-8782-4F0406EDBBE5}.Debug|x64.Build.0 = Debug|x64
		{6D8FFAB1-CA13-47CD-8782-4F0406EDBBE5}.Debug|x86.ActiveCfg = Debug|Win32
		{6D8FFAB1-CA13-47CD-8782-4F0406EDBBE5}.Debug|x86.Build.0 = Debug|Win32
		{6D8FFAB1-CA13-47CD-8782-4F0406EDBBE5}.Release|x64.ActiveCfg = Release|x64
		{6D8FFAB1-CA13-47CD-8782-4F0406EDBBE5}.Release|x64.Build.0 = Release|x64
		{6D8FFAB1-CA13-47CD-8782-4F0406EDBBE5}.Release|x86.ActiveCfg = Release|Win32
		{6D8FFAB1-CA13-47CD-8782-4F0406EDBBE5}.Release|x86.Build.0 = Release|Win32
	EndGlobalSection
	GlobalSection(SolutionProperties) = preSolution
		HideSolutionNode = FALSE
	EndGlobalSection
	GlobalSection(ExtensibilityGlobals) = postSolution
		SolutionGuid = {C2F22145-E08B-401D-8E43-EE2D63849598}
	EndGlobalSection
EndGlobal
